
Microsoft Visual Studio Solution File, Format Version 12.00
# Visual Studio Version 16
VisualStudioVersion = 16.0.29519.181
MinimumVisualStudioVersion = 10.0.40219.1
Project("{FAE04EC0-301F-11D3-BF4B-00C04F79EFBC}") = "FuncWithExtensionMethod", "src\FuncWithExtensionMethod\FuncWithExtensionMethod.csproj", "{7177920C-BE4E-4165-B997-FFBC199FBE81}"
EndProject
Global
	GlobalSection(SolutionConfigurationPlatforms) = preSolution
		Debug|Any CPU = Debug|Any CPU
		Release|Any CPU = Release|Any CPU
	EndGlobalSection
	GlobalSection(ProjectConfigurationPlatforms) = postSolution
		{7177920C-BE4E-4165-B997-FFBC199FBE81}.Debug|Any CPU.ActiveCfg = Debug|Any CPU
		{7177920C-BE4E-4165-B997-FFBC199FBE81}.Debug|Any CPU.Build.0 = Debug|Any CPU
		{7177920C-BE4E-4165-B997-FFBC199FBE81}.Release|Any CPU.ActiveCfg = Release|Any CPU
		{7177920C-BE4E-4165-B997-FFBC199FBE81}.Release|Any CPU.Build.0 = Release|Any CPU
	EndGlobalSection
	GlobalSection(SolutionProperties) = preSolution
		HideSolutionNode = FALSE
	EndGlobalSection
	GlobalSection(ExtensibilityGlobals) = postSolution
		SolutionGuid = {091CD3C6-93C9-4527-BB7D-A1E4470ACA55}
	EndGlobalSection
EndGlobal
